
Microsoft Visual Studio Solution File, Format Version 12.00
# Visual Studio Version 16
VisualStudioVersion = 16.0.31702.278
MinimumVisualStudioVersion = 10.0.40219.1
Project("{FAE04EC0-301F-11D3-BF4B-00C04F79EFBC}") = "SPEED_RACER", "SPEED_RACER\SPEED_RACER.csproj", "{921AF2B6-0861-4387-AFF0-7AB6DC925395}"
EndProject
Global
	GlobalSection(SolutionConfigurationPlatforms) = preSolution
		Debug|Any CPU = Debug|Any CPU
		Release|Any CPU = Release|Any CPU
	EndGlobalSection
	GlobalSection(ProjectConfigurationPlatforms) = postSolution
		{921AF2B6-0861-4387-AFF0-7AB6DC925395}.Debug|Any CPU.ActiveCfg = Debug|Any CPU
		{921AF2B6-0861-4387-AFF0-7AB6DC925395}.Debug|Any CPU.Build.0 = Debug|Any CPU
		{921AF2B6-0861-4387-AFF0-7AB6DC925395}.Release|Any CPU.ActiveCfg = Release|Any CPU
		{921AF2B6-0861-4387-AFF0-7AB6DC925395}.Release|Any CPU.Build.0 = Release|Any CPU
	EndGlobalSection
	GlobalSection(SolutionProperties) = preSolution
		HideSolutionNode = FALSE
	EndGlobalSection
	GlobalSection(ExtensibilityGlobals) = postSolution
		SolutionGuid = {BCD0D095-3600-4E07-9769-4D3BF9449F43}
	EndGlobalSection
EndGlobal
